
Microsoft Visual Studio Solution File, Format Version 12.00
# Visual Studio 15
VisualStudioVersion = 15.0.27130.2003
MinimumVisualStudioVersion = 10.0.40219.1
Project("{FAE04EC0-301F-11D3-BF4B-00C04F79EFBC}") = "App", "App\App.csproj", "{01F53DE8-6D11-4EF1-BD77-78A417184FFE}"
EndProject
Project("{FAE04EC0-301F-11D3-BF4B-00C04F79EFBC}") = "AppBLL", "AppBLL\AppBLL.csproj", "{CF7D7544-003F-4CBC-A1C8-21848F208B7B}"
EndProject
Global
	GlobalSection(SolutionConfigurationPlatforms) = preSolution
		Debug|Any CPU = Debug|Any CPU
		Release|Any CPU = Release|Any CPU
	EndGlobalSection
	GlobalSection(ProjectConfigurationPlatforms) = postSolution
		{01F53DE8-6D11-4EF1-BD77-78A417184FFE}.Debug|Any CPU.ActiveCfg = Debug|Any CPU
		{01F53DE8-6D11-4EF1-BD77-78A417184FFE}.Debug|Any CPU.Build.0 = Debug|Any CPU
		{01F53DE8-6D11-4EF1-BD77-78A417184FFE}.Release|Any CPU.ActiveCfg = Release|Any CPU
		{01F53DE8-6D11-4EF1-BD77-78A417184FFE}.Release|Any CPU.Build.0 = Release|Any CPU
		{CF7D7544-003F-4CBC-A1C8-21848F208B7B}.Debug|Any CPU.ActiveCfg = Debug|Any CPU
		{CF7D7544-003F-4CBC-A1C8-21848F208B7B}.Debug|Any CPU.Build.0 = Debug|Any CPU
		{CF7D7544-003F-4CBC-A1C8-21848F208B7B}.Release|Any CPU.ActiveCfg = Release|Any CPU
		{CF7D7544-003F-4CBC-A1C8-21848F208B7B}.Release|Any CPU.Build.0 = Release|Any CPU
	EndGlobalSection
	GlobalSection(SolutionProperties) = preSolution
		HideSolutionNode = FALSE
	EndGlobalSection
	GlobalSection(ExtensibilityGlobals) = postSolution
		SolutionGuid = {0B2EA754-F9B3-4F39-ACC6-78A0AE581279}
	EndGlobalSection
EndGlobal
